
Microsoft Visual Studio Solution File, Format Version 12.00
# Visual Studio 15
VisualStudioVersion = 15.0.26730.15
MinimumVisualStudioVersion = 10.0.40219.1
Project("{2150E333-8FDC-42A3-9474-1A3956D46DE8}") = "Solution Items", "Solution Items", "{02832988-DA0B-461E-B95D-63C2658FF1FB}"
	ProjectSection(SolutionItems) = preProject
		Codetta-Bold.ttf = Codetta-Bold.ttf
		Codetta-Bold.vfb = Codetta-Bold.vfb
		Codetta-Bold.vfc = Codetta-Bold.vfc
		Codetta-BoldItalic.ttf = Codetta-BoldItalic.ttf
		Codetta-BoldItalic.vfb = Codetta-BoldItalic.vfb
		Codetta-BoldItalic.vfc = Codetta-BoldItalic.vfc
		Codetta-Italic.ttf = Codetta-Italic.ttf
		Codetta-Italic.vfb = Codetta-Italic.vfb
		Codetta-Italic.vfc = Codetta-Italic.vfc
		Codetta-Regular.ttf = Codetta-Regular.ttf
		Codetta-Regular.vfb = Codetta-Regular.vfb
		Codetta-Regular.vfc = Codetta-Regular.vfc
		License.txt = License.txt
		README.md = README.md
	EndProjectSection
EndProject
Project("{FAE04EC0-301F-11D3-BF4B-00C04F79EFBC}") = "Test", "Test\Test.csproj", "{48BFBFD7-79F3-4D9A-A9AC-CFFD4BAEF907}"
EndProject
Project("{2150E333-8FDC-42A3-9474-1A3956D46DE8}") = "release", "release", "{C54E1359-7A3C-4154-BFD3-50CAB03AD8C5}"
	ProjectSection(SolutionItems) = preProject
		release\Codetta_1.0.zip = release\Codetta_1.0.zip
	EndProjectSection
EndProject
Project("{2150E333-8FDC-42A3-9474-1A3956D46DE8}") = "doc", "doc", "{2CA8C292-D758-4C4C-B946-275EE884FC7B}"
	ProjectSection(SolutionItems) = preProject
		doc\Codetta.png = doc\Codetta.png
		doc\Consolas.png = doc\Consolas.png
	EndProjectSection
EndProject
Global
	GlobalSection(SolutionConfigurationPlatforms) = preSolution
		Debug|Any CPU = Debug|Any CPU
		Release|Any CPU = Release|Any CPU
	EndGlobalSection
	GlobalSection(ProjectConfigurationPlatforms) = postSolution
		{48BFBFD7-79F3-4D9A-A9AC-CFFD4BAEF907}.Debug|Any CPU.ActiveCfg = Debug|Any CPU
		{48BFBFD7-79F3-4D9A-A9AC-CFFD4BAEF907}.Debug|Any CPU.Build.0 = Debug|Any CPU
		{48BFBFD7-79F3-4D9A-A9AC-CFFD4BAEF907}.Release|Any CPU.ActiveCfg = Release|Any CPU
		{48BFBFD7-79F3-4D9A-A9AC-CFFD4BAEF907}.Release|Any CPU.Build.0 = Release|Any CPU
	EndGlobalSection
	GlobalSection(SolutionProperties) = preSolution
		HideSolutionNode = FALSE
	EndGlobalSection
	GlobalSection(NestedProjects) = preSolution
		{C54E1359-7A3C-4154-BFD3-50CAB03AD8C5} = {02832988-DA0B-461E-B95D-63C2658FF1FB}
		{2CA8C292-D758-4C4C-B946-275EE884FC7B} = {02832988-DA0B-461E-B95D-63C2658FF1FB}
	EndGlobalSection
	GlobalSection(ExtensibilityGlobals) = postSolution
		SolutionGuid = {F384D9B1-65D7-4CEE-A68E-F4C963FD3770}
	EndGlobalSection
EndGlobal
